
Microsoft Visual Studio Solution File, Format Version 12.00
# Visual Studio 15
VisualStudioVersion = 15.0.28307.168
MinimumVisualStudioVersion = 10.0.40219.1
Project("{FAE04EC0-301F-11D3-BF4B-00C04F79EFBC}") = "ConsoleApp4", "ConsoleApp4\ConsoleApp4.csproj", "{39E817A7-BD36-4B80-9117-16E767C9EAED}"
EndProject
Project("{FAE04EC0-301F-11D3-BF4B-00C04F79EFBC}") = "C0731712.UnitTests", "C0731712.UnitTests\C0731712.UnitTests.csproj", "{ADD47CE6-66B5-4060-8287-6020FBB9C6B5}"
EndProject
Global
	GlobalSection(SolutionConfigurationPlatforms) = preSolution
		Debug|Any CPU = Debug|Any CPU
		Release|Any CPU = Release|Any CPU
	EndGlobalSection
	GlobalSection(ProjectConfigurationPlatforms) = postSolution
		{39E817A7-BD36-4B80-9117-16E767C9EAED}.Debug|Any CPU.ActiveCfg = Debug|Any CPU
		{39E817A7-BD36-4B80-9117-16E767C9EAED}.Debug|Any CPU.Build.0 = Debug|Any CPU
		{39E817A7-BD36-4B80-9117-16E767C9EAED}.Release|Any CPU.ActiveCfg = Release|Any CPU
		{39E817A7-BD36-4B80-9117-16E767C9EAED}.Release|Any CPU.Build.0 = Release|Any CPU
		{ADD47CE6-66B5-4060-8287-6020FBB9C6B5}.Debug|Any CPU.ActiveCfg = Debug|Any CPU
		{ADD47CE6-66B5-4060-8287-6020FBB9C6B5}.Debug|Any CPU.Build.0 = Debug|Any CPU
		{ADD47CE6-66B5-4060-8287-6020FBB9C6B5}.Release|Any CPU.ActiveCfg = Release|Any CPU
		{ADD47CE6-66B5-4060-8287-6020FBB9C6B5}.Release|Any CPU.Build.0 = Release|Any CPU
	EndGlobalSection
	GlobalSection(SolutionProperties) = preSolution
		HideSolutionNode = FALSE
	EndGlobalSection
	GlobalSection(ExtensibilityGlobals) = postSolution
		SolutionGuid = {B1EDFA44-F698-4B64-BA02-E3433C82F789}
	EndGlobalSection
EndGlobal
